
Microsoft Visual Studio Solution File, Format Version 12.00
# Visual Studio 2012
Project("{FAE04EC0-301F-11D3-BF4B-00C04F79EFBC}") = "WpfApp2", "WpfApp2\WpfApp2.csproj", "{084251C6-96D3-4EF4-B6AB-EDCA6D842D69}"
EndProject
Project("{FAE04EC0-301F-11D3-BF4B-00C04F79EFBC}") = "DataAccessLayer", "DataAccessLayer\DataAccessLayer.csproj", "{0D7FD859-25AE-454A-A7BD-E33160D445BC}"
EndProject
Global
	GlobalSection(SolutionConfigurationPlatforms) = preSolution
		Debug|Any CPU = Debug|Any CPU
		Release|Any CPU = Release|Any CPU
	EndGlobalSection
	GlobalSection(ProjectConfigurationPlatforms) = postSolution
		{084251C6-96D3-4EF4-B6AB-EDCA6D842D69}.Debug|Any CPU.ActiveCfg = Debug|Any CPU
		{084251C6-96D3-4EF4-B6AB-EDCA6D842D69}.Debug|Any CPU.Build.0 = Debug|Any CPU
		{084251C6-96D3-4EF4-B6AB-EDCA6D842D69}.Release|Any CPU.ActiveCfg = Release|Any CPU
		{084251C6-96D3-4EF4-B6AB-EDCA6D842D69}.Release|Any CPU.Build.0 = Release|Any CPU
		{0D7FD859-25AE-454A-A7BD-E33160D445BC}.Debug|Any CPU.ActiveCfg = Debug|Any CPU
		{0D7FD859-25AE-454A-A7BD-E33160D445BC}.Debug|Any CPU.Build.0 = Debug|Any CPU
		{0D7FD859-25AE-454A-A7BD-E33160D445BC}.Release|Any CPU.ActiveCfg = Release|Any CPU
		{0D7FD859-25AE-454A-A7BD-E33160D445BC}.Release|Any CPU.Build.0 = Release|Any CPU
	EndGlobalSection
	GlobalSection(SolutionProperties) = preSolution
		HideSolutionNode = FALSE
	EndGlobalSection
EndGlobal
